
Microsoft Visual Studio Solution File, Format Version 12.00
# Visual Studio 15
VisualStudioVersion = 15.0.27703.2035
MinimumVisualStudioVersion = 10.0.40219.1
Project("{8BC9CEB8-8B4A-11D0-8D11-00A0C91BC942}") = "AVL", "AVL\AVL.vcxproj", "{30948486-B7FE-4CB4-8484-B154ED7F27D2}"
EndProject
Project("{8BC9CEB8-8B4A-11D0-8D11-00A0C91BC942}") = "AVLUnitTest", "AVLUnitTest\AVLUnitTest.vcxproj", "{C49336D3-F2C4-4352-B911-9271C8F8B4CD}"
EndProject
Global
	GlobalSection(SolutionConfigurationPlatforms) = preSolution
		Debug|x64 = Debug|x64
		Debug|x86 = Debug|x86
		Release|x64 = Release|x64
		Release|x86 = Release|x86
	EndGlobalSection
	GlobalSection(ProjectConfigurationPlatforms) = postSolution
		{30948486-B7FE-4CB4-8484-B154ED7F27D2}.Debug|x64.ActiveCfg = Debug|x64
		{30948486-B7FE-4CB4-8484-B154ED7F27D2}.Debug|x64.Build.0 = Debug|x64
		{30948486-B7FE-4CB4-8484-B154ED7F27D2}.Debug|x86.ActiveCfg = Debug|Win32
		{30948486-B7FE-4CB4-8484-B154ED7F27D2}.Debug|x86.Build.0 = Debug|Win32
		{30948486-B7FE-4CB4-8484-B154ED7F27D2}.Release|x64.ActiveCfg = Release|x64
		{30948486-B7FE-4CB4-8484-B154ED7F27D2}.Release|x64.Build.0 = Release|x64
		{30948486-B7FE-4CB4-8484-B154ED7F27D2}.Release|x86.ActiveCfg = Release|Win32
		{30948486-B7FE-4CB4-8484-B154ED7F27D2}.Release|x86.Build.0 = Release|Win32
		{C49336D3-F2C4-4352-B911-9271C8F8B4CD}.Debug|x64.ActiveCfg = Debug|x64
		{C49336D3-F2C4-4352-B911-9271C8F8B4CD}.Debug|x64.Build.0 = Debug|x64
		{C49336D3-F2C4-4352-B911-9271C8F8B4CD}.Debug|x86.ActiveCfg = Debug|Win32
		{C49336D3-F2C4-4352-B911-9271C8F8B4CD}.Debug|x86.Build.0 = Debug|Win32
		{C49336D3-F2C4-4352-B911-9271C8F8B4CD}.Release|x64.ActiveCfg = Release|x64
		{C49336D3-F2C4-4352-B911-9271C8F8B4CD}.Release|x64.Build.0 = Release|x64
		{C49336D3-F2C4-4352-B911-9271C8F8B4CD}.Release|x86.ActiveCfg = Release|Win32
		{C49336D3-F2C4-4352-B911-9271C8F8B4CD}.Release|x86.Build.0 = Release|Win32
	EndGlobalSection
	GlobalSection(SolutionProperties) = preSolution
		HideSolutionNode = FALSE
	EndGlobalSection
	GlobalSection(ExtensibilityGlobals) = postSolution
		SolutionGuid = {A96A6539-FF98-4ED9-AA4A-44E80696648C}
	EndGlobalSection
EndGlobal
